
Microsoft Visual Studio Solution File, Format Version 12.00
# Visual Studio Version 17
VisualStudioVersion = 17.5.33530.505
MinimumVisualStudioVersion = 10.0.40219.1
Project("{FAE04EC0-301F-11D3-BF4B-00C04F79EFBC}") = "FCFS", "FCFS\FCFS.csproj", "{9BC6020C-FD9D-42DD-BDC9-15CBEEF8065D}"
EndProject
Global
	GlobalSection(SolutionConfigurationPlatforms) = preSolution
		Debug|Any CPU = Debug|Any CPU
		Release|Any CPU = Release|Any CPU
	EndGlobalSection
	GlobalSection(ProjectConfigurationPlatforms) = postSolution
		{9BC6020C-FD9D-42DD-BDC9-15CBEEF8065D}.Debug|Any CPU.ActiveCfg = Debug|Any CPU
		{9BC6020C-FD9D-42DD-BDC9-15CBEEF8065D}.Debug|Any CPU.Build.0 = Debug|Any CPU
		{9BC6020C-FD9D-42DD-BDC9-15CBEEF8065D}.Release|Any CPU.ActiveCfg = Release|Any CPU
		{9BC6020C-FD9D-42DD-BDC9-15CBEEF8065D}.Release|Any CPU.Build.0 = Release|Any CPU
	EndGlobalSection
	GlobalSection(SolutionProperties) = preSolution
		HideSolutionNode = FALSE
	EndGlobalSection
	GlobalSection(ExtensibilityGlobals) = postSolution
		SolutionGuid = {D0B133E1-CE48-49B2-B224-10602EE3AF4D}
	EndGlobalSection
EndGlobal
